
Microsoft Visual Studio Solution File, Format Version 12.00
# Visual Studio Version 16
VisualStudioVersion = 16.0.31727.386
MinimumVisualStudioVersion = 10.0.40219.1
Project("{9A19103F-16F7-4668-BE54-9A1E7A4F7556}") = "01.EvenLines", "01.EvenLines\01.EvenLines.csproj", "{422D179F-D3C2-4683-B2AA-9A8D8881264D}"
EndProject
Project("{9A19103F-16F7-4668-BE54-9A1E7A4F7556}") = "02.LineNumbers", "02.LineNumbers\02.LineNumbers.csproj", "{0BA9E30F-60B5-461A-B66B-B21710BA66A1}"
EndProject
Project("{9A19103F-16F7-4668-BE54-9A1E7A4F7556}") = "03.WordCount", "03.WordCount\03.WordCount.csproj", "{36364AED-7B25-48CA-BFE1-31B9DD501D24}"
EndProject
Project("{FAE04EC0-301F-11D3-BF4B-00C04F79EFBC}") = "04.CopyBinaryFile", "04.CopyBinaryFile\04.CopyBinaryFile.csproj", "{14198CBD-D12A-4B8F-8DB5-ECD97135BC08}"
EndProject
Global
	GlobalSection(SolutionConfigurationPlatforms) = preSolution
		Debug|Any CPU = Debug|Any CPU
		Release|Any CPU = Release|Any CPU
	EndGlobalSection
	GlobalSection(ProjectConfigurationPlatforms) = postSolution
		{422D179F-D3C2-4683-B2AA-9A8D8881264D}.Debug|Any CPU.ActiveCfg = Debug|Any CPU
		{422D179F-D3C2-4683-B2AA-9A8D8881264D}.Debug|Any CPU.Build.0 = Debug|Any CPU
		{422D179F-D3C2-4683-B2AA-9A8D8881264D}.Release|Any CPU.ActiveCfg = Release|Any CPU
		{422D179F-D3C2-4683-B2AA-9A8D8881264D}.Release|Any CPU.Build.0 = Release|Any CPU
		{0BA9E30F-60B5-461A-B66B-B21710BA66A1}.Debug|Any CPU.ActiveCfg = Debug|Any CPU
		{0BA9E30F-60B5-461A-B66B-B21710BA66A1}.Debug|Any CPU.Build.0 = Debug|Any CPU
		{0BA9E30F-60B5-461A-B66B-B21710BA66A1}.Release|Any CPU.ActiveCfg = Release|Any CPU
		{0BA9E30F-60B5-461A-B66B-B21710BA66A1}.Release|Any CPU.Build.0 = Release|Any CPU
		{36364AED-7B25-48CA-BFE1-31B9DD501D24}.Debug|Any CPU.ActiveCfg = Debug|Any CPU
		{36364AED-7B25-48CA-BFE1-31B9DD501D24}.Debug|Any CPU.Build.0 = Debug|Any CPU
		{36364AED-7B25-48CA-BFE1-31B9DD501D24}.Release|Any CPU.ActiveCfg = Release|Any CPU
		{36364AED-7B25-48CA-BFE1-31B9DD501D24}.Release|Any CPU.Build.0 = Release|Any CPU
		{14198CBD-D12A-4B8F-8DB5-ECD97135BC08}.Debug|Any CPU.ActiveCfg = Debug|Any CPU
		{14198CBD-D12A-4B8F-8DB5-ECD97135BC08}.Debug|Any CPU.Build.0 = Debug|Any CPU
		{14198CBD-D12A-4B8F-8DB5-ECD97135BC08}.Release|Any CPU.ActiveCfg = Release|Any CPU
		{14198CBD-D12A-4B8F-8DB5-ECD97135BC08}.Release|Any CPU.Build.0 = Release|Any CPU
	EndGlobalSection
	GlobalSection(SolutionProperties) = preSolution
		HideSolutionNode = FALSE
	EndGlobalSection
	GlobalSection(ExtensibilityGlobals) = postSolution
		SolutionGuid = {64CF8F90-8D58-45D4-B0C4-EA05FE12D77F}
	EndGlobalSection
EndGlobal
